<?xml version="1.0" encoding="utf-8"?>
<Project ToolsVersion="4.0" xmlns="http://schemas.microsoft.com/developer/msbuild/2003">
  <ItemGroup>
    <Filter Include="Adventures of Charles">
      <UniqueIdentifier>{3904a592-ee12-43fa-95cc-68138272b7b2}</UniqueIdentifier>
    </Filter>
    <Filter Include="Adventures of Charles\Client">
      <UniqueIdentifier>{7478c39a-da7e-4387-b0d3-cb3dcfe41316}</UniqueIdentifier>
    </Filter>
    <Filter Include="Adventures of Charles\Server">
      <UniqueIdentifier>{1591fdd4-8bcb-4cfa-a97f-6a55ad5c52e2}</UniqueIdentifier>
    </Filter>
    <Filter Include="Adventures of Charles\Shared">
      <UniqueIdentifier>{932abe30-bc04-4190-9906-ccb007715117}</UniqueIdentifier>
    </Filter>
  </ItemGroup>
  <ItemGroup>
    <ClCompile Include="Adventures of Charles\Main.cpp">
      <Filter>Adventures of Charles</Filter>
    </ClCompile>
    <ClCompile Include="Adventures of Charles\Input.cpp">
      <Filter>Adventures of Charles\Client</Filter>
    </ClCompile>
    <ClCompile Include="Adventures of Charles\GUI.cpp">
      <Filter>Adventures of Charles\Client</Filter>
    </ClCompile>
    <ClCompile Include="Adventures of Charles\Entity.cpp">
      <Filter>Adventures of Charles\Shared</Filter>
    </ClCompile>
    <ClCompile Include="Adventures of Charles\Enemy.cpp">
      <Filter>Adventures of Charles\Shared</Filter>
    </ClCompile>
    <ClCompile Include="Adventures of Charles\Animation.cpp">
      <Filter>Adventures of Charles\Client</Filter>
    </ClCompile>
    <ClCompile Include="Adventures of Charles\Game.cpp">
      <Filter>Adventures of Charles\Client</Filter>
    </ClCompile>
    <ClCompile Include="Adventures of Charles\Network.cpp">
      <Filter>Adventures of Charles\Client</Filter>
    </ClCompile>
    <ClCompile Include="Adventures of Charles\World.cpp">
      <Filter>Adventures of Charles\Shared</Filter>
    </ClCompile>
    <ClCompile Include="Adventures of Charles\Util.cpp">
      <Filter>Adventures of Charles\Shared</Filter>
    </ClCompile>
    <ClCompile Include="Adventures of Charles\Player.cpp">
      <Filter>Adventures of Charles\Shared</Filter>
    </ClCompile>
    <ClCompile Include="Adventures of Charles\Client.cpp">
      <Filter>Adventures of Charles\Server</Filter>
    </ClCompile>
    <ClCompile Include="Adventures of Charles\Server.cpp">
      <Filter>Adventures of Charles\Server</Filter>
    </ClCompile>
    <ClCompile Include="Adventures of Charles\MainSERVER.cpp">
      <Filter>Adventures of Charles</Filter>
    </ClCompile>
  </ItemGroup>
  <ItemGroup>
    <ClInclude Include="Adventures of Charles\Input.h">
      <Filter>Adventures of Charles\Client</Filter>
    </ClInclude>
    <ClInclude Include="Adventures of Charles\GUI.h">
      <Filter>Adventures of Charles\Client</Filter>
    </ClInclude>
    <ClInclude Include="Adventures of Charles\Entity.h">
      <Filter>Adventures of Charles\Shared</Filter>
    </ClInclude>
    <ClInclude Include="Adventures of Charles\Enemy.h">
      <Filter>Adventures of Charles\Shared</Filter>
    </ClInclude>
    <ClInclude Include="Adventures of Charles\Animation.h">
      <Filter>Adventures of Charles\Client</Filter>
    </ClInclude>
    <ClInclude Include="Adventures of Charles\Game.h">
      <Filter>Adventures of Charles\Client</Filter>
    </ClInclude>
    <ClInclude Include="Adventures of Charles\Network.h">
      <Filter>Adventures of Charles\Client</Filter>
    </ClInclude>
    <ClInclude Include="Adventures of Charles\World.h">
      <Filter>Adventures of Charles\Shared</Filter>
    </ClInclude>
    <ClInclude Include="Adventures of Charles\Util.h">
      <Filter>Adventures of Charles\Shared</Filter>
    </ClInclude>
    <ClInclude Include="Adventures of Charles\Player.h">
      <Filter>Adventures of Charles\Shared</Filter>
    </ClInclude>
    <ClInclude Include="Adventures of Charles\Client.h">
      <Filter>Adventures of Charles\Server</Filter>
    </ClInclude>
    <ClInclude Include="Adventures of Charles\Server.h">
      <Filter>Adventures of Charles\Server</Filter>
    </ClInclude>
  </ItemGroup>
</Project>