<?xml version="1.0" encoding="utf-8"?>
<Project ToolsVersion="4.0" xmlns="http://schemas.microsoft.com/developer/msbuild/2003">
  <ItemGroup>
    <Filter Include="Adventures of Charles">
      <UniqueIdentifier>{3904a592-ee12-43fa-95cc-68138272b7b2}</UniqueIdentifier>
    </Filter>
    <Filter Include="Adventures of Charles\Client">
      <UniqueIdentifier>{7478c39a-da7e-4387-b0d3-cb3dcfe41316}</UniqueIdentifier>
    </Filter>
    <Filter Include="Adventures of Charles\Server">
      <UniqueIdentifier>{1591fdd4-8bcb-4cfa-a97f-6a55ad5c52e2}</UniqueIdentifier>
    </Filter>
    <Filter Include="Adventures of Charles\Client\GUI">
      <UniqueIdentifier>{7d6c2c93-e310-4139-a086-e43857b80843}</UniqueIdentifier>
    </Filter>
    <Filter Include="Adventures of Charles\Shared">
      <UniqueIdentifier>{932abe30-bc04-4190-9906-ccb007715117}</UniqueIdentifier>
    </Filter>
    <Filter Include="Adventures of Charles\Shared\Entity">
      <UniqueIdentifier>{84926bb6-5bdc-465a-8d15-995650b6e118}</UniqueIdentifier>
    </Filter>
    <Filter Include="Adventures of Charles\Client\Menus">
      <UniqueIdentifier>{623437fc-00cc-448b-a35a-ad228d3ef548}</UniqueIdentifier>
    </Filter>
    <Filter Include="Adventures of Charles\Shared\World">
      <UniqueIdentifier>{87aa49f3-f9a5-476c-b909-2f89259b1319}</UniqueIdentifier>
    </Filter>
  </ItemGroup>
  <ItemGroup>
    <ClCompile Include="Source\Main.cpp">
      <Filter>Adventures of Charles</Filter>
    </ClCompile>
    <ClCompile Include="Source\Server\Server.cpp">
      <Filter>Adventures of Charles\Server</Filter>
    </ClCompile>
    <ClCompile Include="Source\Server\Client.cpp">
      <Filter>Adventures of Charles\Server</Filter>
    </ClCompile>
    <ClCompile Include="Source\Shared\Enemy.cpp">
      <Filter>Adventures of Charles\Shared\Entity</Filter>
    </ClCompile>
    <ClCompile Include="Source\Shared\Entity.cpp">
      <Filter>Adventures of Charles\Shared\Entity</Filter>
    </ClCompile>
    <ClCompile Include="Source\Shared\MapLayer.cpp">
      <Filter>Adventures of Charles\Shared\World</Filter>
    </ClCompile>
    <ClCompile Include="Source\Shared\Tile.cpp">
      <Filter>Adventures of Charles\Shared\World</Filter>
    </ClCompile>
    <ClCompile Include="Source\Shared\Util.cpp">
      <Filter>Adventures of Charles\Shared\World</Filter>
    </ClCompile>
    <ClCompile Include="Source\Shared\World.cpp">
      <Filter>Adventures of Charles\Shared\World</Filter>
    </ClCompile>
    <ClCompile Include="Source\Client\Animation.cpp">
      <Filter>Adventures of Charles\Client</Filter>
    </ClCompile>
    <ClCompile Include="Source\Client\Game.cpp">
      <Filter>Adventures of Charles\Client</Filter>
    </ClCompile>
    <ClCompile Include="Source\Client\GUI.cpp">
      <Filter>Adventures of Charles\Client</Filter>
    </ClCompile>
    <ClCompile Include="Source\Client\Input.cpp">
      <Filter>Adventures of Charles\Client</Filter>
    </ClCompile>
    <ClCompile Include="Source\Client\Network.cpp">
      <Filter>Adventures of Charles\Client</Filter>
    </ClCompile>
    <ClCompile Include="Source\Client\Player.cpp">
      <Filter>Adventures of Charles\Client</Filter>
    </ClCompile>
    <ClCompile Include="Source\Client\Renderer.cpp">
      <Filter>Adventures of Charles\Client</Filter>
    </ClCompile>
    <ClCompile Include="Source\Client\Sprite.cpp">
      <Filter>Adventures of Charles\Client</Filter>
    </ClCompile>
    <ClCompile Include="Source\Client\GUIBox.cpp">
      <Filter>Adventures of Charles\Client\GUI</Filter>
    </ClCompile>
    <ClCompile Include="Source\Client\GUIButton.cpp">
      <Filter>Adventures of Charles\Client\GUI</Filter>
    </ClCompile>
    <ClCompile Include="Source\Client\GUICheckbox.cpp">
      <Filter>Adventures of Charles\Client\GUI</Filter>
    </ClCompile>
    <ClCompile Include="Source\Client\GUIElement.cpp">
      <Filter>Adventures of Charles\Client\GUI</Filter>
    </ClCompile>
    <ClCompile Include="Source\Client\GUIText.cpp">
      <Filter>Adventures of Charles\Client\GUI</Filter>
    </ClCompile>
    <ClCompile Include="Source\Client\GUITextBox.cpp">
      <Filter>Adventures of Charles\Client\GUI</Filter>
    </ClCompile>
    <ClCompile Include="Source\Client\GUITexture.cpp">
      <Filter>Adventures of Charles\Client\GUI</Filter>
    </ClCompile>
    <ClCompile Include="Source\Client\MenuEditor.cpp">
      <Filter>Adventures of Charles\Client\Menus</Filter>
    </ClCompile>
    <ClCompile Include="Source\Shared\Collision.cpp">
      <Filter>Adventures of Charles\Shared</Filter>
    </ClCompile>
  </ItemGroup>
  <ItemGroup>
    <ClInclude Include="Source\Server\Server.h">
      <Filter>Adventures of Charles\Server</Filter>
    </ClInclude>
    <ClInclude Include="Source\Server\Client.h">
      <Filter>Adventures of Charles\Server</Filter>
    </ClInclude>
    <ClInclude Include="Source\Shared\Enemy.h">
      <Filter>Adventures of Charles\Shared\Entity</Filter>
    </ClInclude>
    <ClInclude Include="Source\Shared\Entity.h">
      <Filter>Adventures of Charles\Shared\Entity</Filter>
    </ClInclude>
    <ClInclude Include="Source\Shared\MapLayer.h">
      <Filter>Adventures of Charles\Shared\World</Filter>
    </ClInclude>
    <ClInclude Include="Source\Shared\Tile.h">
      <Filter>Adventures of Charles\Shared\World</Filter>
    </ClInclude>
    <ClInclude Include="Source\Shared\Util.h">
      <Filter>Adventures of Charles\Shared\World</Filter>
    </ClInclude>
    <ClInclude Include="Source\Shared\World.h">
      <Filter>Adventures of Charles\Shared\World</Filter>
    </ClInclude>
    <ClInclude Include="Source\Client\Animation.h">
      <Filter>Adventures of Charles\Client</Filter>
    </ClInclude>
    <ClInclude Include="Source\Client\Game.h">
      <Filter>Adventures of Charles\Client</Filter>
    </ClInclude>
    <ClInclude Include="Source\Client\GUI.h">
      <Filter>Adventures of Charles\Client</Filter>
    </ClInclude>
    <ClInclude Include="Source\Client\Input.h">
      <Filter>Adventures of Charles\Client</Filter>
    </ClInclude>
    <ClInclude Include="Source\Client\Network.h">
      <Filter>Adventures of Charles\Client</Filter>
    </ClInclude>
    <ClInclude Include="Source\Client\Player.h">
      <Filter>Adventures of Charles\Client</Filter>
    </ClInclude>
    <ClInclude Include="Source\Client\Renderer.h">
      <Filter>Adventures of Charles\Client</Filter>
    </ClInclude>
    <ClInclude Include="Source\Client\Sprite.h">
      <Filter>Adventures of Charles\Client</Filter>
    </ClInclude>
    <ClInclude Include="Source\Client\GUIBox.h">
      <Filter>Adventures of Charles\Client\GUI</Filter>
    </ClInclude>
    <ClInclude Include="Source\Client\GUIButton.h">
      <Filter>Adventures of Charles\Client\GUI</Filter>
    </ClInclude>
    <ClInclude Include="Source\Client\GUICheckbox.h">
      <Filter>Adventures of Charles\Client\GUI</Filter>
    </ClInclude>
    <ClInclude Include="Source\Client\GUIElement.h">
      <Filter>Adventures of Charles\Client\GUI</Filter>
    </ClInclude>
    <ClInclude Include="Source\Client\GUIText.h">
      <Filter>Adventures of Charles\Client\GUI</Filter>
    </ClInclude>
    <ClInclude Include="Source\Client\GUITextBox.h">
      <Filter>Adventures of Charles\Client\GUI</Filter>
    </ClInclude>
    <ClInclude Include="Source\Client\GUITexture.h">
      <Filter>Adventures of Charles\Client\GUI</Filter>
    </ClInclude>
    <ClInclude Include="Source\Client\MenuEditor.h">
      <Filter>Adventures of Charles\Client\Menus</Filter>
    </ClInclude>
    <ClInclude Include="Source\Shared\Collision.h">
      <Filter>Adventures of Charles\Shared</Filter>
    </ClInclude>
  </ItemGroup>
</Project>