
Microsoft Visual Studio Solution File, Format Version 12.00
# Visual Studio 14
VisualStudioVersion = 14.0.23107.0
MinimumVisualStudioVersion = 10.0.40219.1
Project("{8BC9CEB8-8B4A-11D0-8D11-00A0C91BC942}") = "Adventures of Charles Client", "Client\Adventures of Charles.vcxproj", "{0FF02622-640F-428F-ACB4-EFDF0AC5A68A}"
EndProject
Global
	GlobalSection(SolutionConfigurationPlatforms) = preSolution
		C + S|x64 = C + S|x64
		C + S|x86 = C + S|x86
		CLIENT|x64 = CLIENT|x64
		CLIENT|x86 = CLIENT|x86
		Debug|x64 = Debug|x64
		Debug|x86 = Debug|x86
		Release|x64 = Release|x64
		Release|x86 = Release|x86
		SERVER|x64 = SERVER|x64
		SERVER|x86 = SERVER|x86
	EndGlobalSection
	GlobalSection(ProjectConfigurationPlatforms) = postSolution
		{0FF02622-640F-428F-ACB4-EFDF0AC5A68A}.C + S|x64.ActiveCfg = C + S|x64
		{0FF02622-640F-428F-ACB4-EFDF0AC5A68A}.C + S|x64.Build.0 = C + S|x64
		{0FF02622-640F-428F-ACB4-EFDF0AC5A68A}.C + S|x86.ActiveCfg = C + S|Win32
		{0FF02622-640F-428F-ACB4-EFDF0AC5A68A}.C + S|x86.Build.0 = C + S|Win32
		{0FF02622-640F-428F-ACB4-EFDF0AC5A68A}.CLIENT|x64.ActiveCfg = CLIENT|x64
		{0FF02622-640F-428F-ACB4-EFDF0AC5A68A}.CLIENT|x64.Build.0 = CLIENT|x64
		{0FF02622-640F-428F-ACB4-EFDF0AC5A68A}.CLIENT|x86.ActiveCfg = CLIENT|Win32
		{0FF02622-640F-428F-ACB4-EFDF0AC5A68A}.CLIENT|x86.Build.0 = CLIENT|Win32
		{0FF02622-640F-428F-ACB4-EFDF0AC5A68A}.Debug|x64.ActiveCfg = Debug|x64
		{0FF02622-640F-428F-ACB4-EFDF0AC5A68A}.Debug|x64.Build.0 = Debug|x64
		{0FF02622-640F-428F-ACB4-EFDF0AC5A68A}.Debug|x64.Deploy.0 = Debug|x64
		{0FF02622-640F-428F-ACB4-EFDF0AC5A68A}.Debug|x86.ActiveCfg = Debug|x64
		{0FF02622-640F-428F-ACB4-EFDF0AC5A68A}.Debug|x86.Build.0 = Debug|x64
		{0FF02622-640F-428F-ACB4-EFDF0AC5A68A}.Release|x64.ActiveCfg = Release|x64
		{0FF02622-640F-428F-ACB4-EFDF0AC5A68A}.Release|x64.Build.0 = Release|x64
		{0FF02622-640F-428F-ACB4-EFDF0AC5A68A}.Release|x86.ActiveCfg = Release|Win32
		{0FF02622-640F-428F-ACB4-EFDF0AC5A68A}.Release|x86.Build.0 = Release|Win32
		{0FF02622-640F-428F-ACB4-EFDF0AC5A68A}.SERVER|x64.ActiveCfg = SERVER|x64
		{0FF02622-640F-428F-ACB4-EFDF0AC5A68A}.SERVER|x64.Build.0 = SERVER|x64
		{0FF02622-640F-428F-ACB4-EFDF0AC5A68A}.SERVER|x86.ActiveCfg = SERVER|Win32
		{0FF02622-640F-428F-ACB4-EFDF0AC5A68A}.SERVER|x86.Build.0 = SERVER|Win32
	EndGlobalSection
	GlobalSection(SolutionProperties) = preSolution
		HideSolutionNode = FALSE
	EndGlobalSection
EndGlobal
