<?xml version="1.0" encoding="utf-8"?>
<Project ToolsVersion="4.0" xmlns="http://schemas.microsoft.com/developer/msbuild/2003">
  <ItemGroup>
    <Filter Include="Source Files">
      <UniqueIdentifier>{4FC737F1-C7A5-4376-A066-2A32D752A2FF}</UniqueIdentifier>
      <Extensions>cpp;c;cc;cxx;def;odl;idl;hpj;bat;asm;asmx</Extensions>
    </Filter>
    <Filter Include="Source Files\Audio">
      <UniqueIdentifier>{37a96fcd-a3de-4937-9e03-fc389988e645}</UniqueIdentifier>
    </Filter>
    <Filter Include="Source Files\GUI">
      <UniqueIdentifier>{653a13e5-6370-45a0-81e4-27a37f374e47}</UniqueIdentifier>
    </Filter>
    <Filter Include="Source Files\Input">
      <UniqueIdentifier>{cd61264e-07fb-46c0-bfb6-4c03626c91bf}</UniqueIdentifier>
    </Filter>
    <Filter Include="Source Files\Lua">
      <UniqueIdentifier>{ffac9ea7-4311-4441-a05f-21c69e15fdb2}</UniqueIdentifier>
    </Filter>
    <Filter Include="Source Files\Network">
      <UniqueIdentifier>{d847d2e6-f3c0-4aa2-996e-c1e927dcd12d}</UniqueIdentifier>
    </Filter>
    <Filter Include="Source Files\Renderer">
      <UniqueIdentifier>{aa0ec2d5-0c2a-4055-8a0c-1d6536a43f06}</UniqueIdentifier>
    </Filter>
    <Filter Include="Source Files\World">
      <UniqueIdentifier>{b84aabf8-201d-426b-a0bc-3617af2e388a}</UniqueIdentifier>
    </Filter>
    <Filter Include="Source Files\Utility">
      <UniqueIdentifier>{9a0255f1-3a92-40d3-9bc3-0d866b599a7f}</UniqueIdentifier>
    </Filter>
  </ItemGroup>
  <ItemGroup>
    <ClCompile Include="EucolusCore\Game.cpp">
      <Filter>Source Files</Filter>
    </ClCompile>
    <ClCompile Include="EucolusCore\GameState.cpp">
      <Filter>Source Files</Filter>
    </ClCompile>
    <ClCompile Include="EucolusCore\GameStateMenu.cpp">
      <Filter>Source Files</Filter>
    </ClCompile>
    <ClCompile Include="EucolusCore\GameStatePlaying.cpp">
      <Filter>Source Files</Filter>
    </ClCompile>
    <ClCompile Include="EucolusCore\Window.cpp">
      <Filter>Source Files</Filter>
    </ClCompile>
    <ClCompile Include="EucolusCore\World\Component.cpp">
      <Filter>Source Files\World</Filter>
    </ClCompile>
    <ClCompile Include="EucolusCore\World\Entity.cpp">
      <Filter>Source Files\World</Filter>
    </ClCompile>
    <ClCompile Include="EucolusCore\World\GameObject.cpp">
      <Filter>Source Files\World</Filter>
    </ClCompile>
    <ClCompile Include="EucolusCore\World\Tilemap.cpp">
      <Filter>Source Files\World</Filter>
    </ClCompile>
    <ClCompile Include="EucolusCore\World\World.cpp">
      <Filter>Source Files\World</Filter>
    </ClCompile>
    <ClCompile Include="EucolusCore\Utility\FileSystem.cpp">
      <Filter>Source Files\Utility</Filter>
    </ClCompile>
    <ClCompile Include="EucolusCore\Renderer\Renderer.cpp">
      <Filter>Source Files\Renderer</Filter>
    </ClCompile>
    <ClCompile Include="EucolusCore\Renderer\Texture.cpp">
      <Filter>Source Files\Renderer</Filter>
    </ClCompile>
    <ClCompile Include="EucolusCore\Network\Network.cpp">
      <Filter>Source Files\Network</Filter>
    </ClCompile>
    <ClCompile Include="EucolusCore\GUI\GUI.cpp">
      <Filter>Source Files\GUI</Filter>
    </ClCompile>
    <ClCompile Include="EucolusCore\GUI\GUIElement.cpp">
      <Filter>Source Files\GUI</Filter>
    </ClCompile>
    <ClCompile Include="EucolusCore\Audio\Audio.cpp">
      <Filter>Source Files\Audio</Filter>
    </ClCompile>
    <ClCompile Include="EucolusCore\Utility\Vector2.cpp">
      <Filter>Source Files\Utility</Filter>
    </ClCompile>
    <ClCompile Include="EucolusCore\Lua\EucolusLua.cpp">
      <Filter>Source Files\Lua</Filter>
    </ClCompile>
    <ClCompile Include="EucolusCore\Utility\Console.cpp">
      <Filter>Source Files\Utility</Filter>
    </ClCompile>
    <ClCompile Include="EucolusCore\GUI\GUIButton.cpp">
      <Filter>Source Files\GUI</Filter>
    </ClCompile>
    <ClCompile Include="EucolusCore\GUI\GUIPanel.cpp">
      <Filter>Source Files\GUI</Filter>
    </ClCompile>
    <ClCompile Include="EucolusCore\GUI\GUILabel.cpp">
      <Filter>Source Files\GUI</Filter>
    </ClCompile>
    <ClCompile Include="EucolusCore\Utility\Color.cpp">
      <Filter>Source Files\Utility</Filter>
    </ClCompile>
    <ClCompile Include="EucolusCore\Renderer\Shader.cpp">
      <Filter>Source Files\Renderer</Filter>
    </ClCompile>
    <ClCompile Include="EucolusCore\Renderer\Shape.cpp">
      <Filter>Source Files\Renderer</Filter>
    </ClCompile>
    <ClCompile Include="EucolusCore\Utility\Vector3.cpp">
      <Filter>Source Files\Utility</Filter>
    </ClCompile>
    <ClCompile Include="EucolusCore\Utility\Vertex.cpp">
      <Filter>Source Files\Utility</Filter>
    </ClCompile>
    <ClCompile Include="EucolusCore\Renderer\Renderable.cpp">
      <Filter>Source Files\Renderer</Filter>
    </ClCompile>
  </ItemGroup>
  <ItemGroup>
    <ClInclude Include="EucolusCore\Game.h">
      <Filter>Source Files</Filter>
    </ClInclude>
    <ClInclude Include="EucolusCore\GameState.h">
      <Filter>Source Files</Filter>
    </ClInclude>
    <ClInclude Include="EucolusCore\GameStateMenu.h">
      <Filter>Source Files</Filter>
    </ClInclude>
    <ClInclude Include="EucolusCore\GameStatePlaying.h">
      <Filter>Source Files</Filter>
    </ClInclude>
    <ClInclude Include="EucolusCore\Window.h">
      <Filter>Source Files</Filter>
    </ClInclude>
    <ClInclude Include="EucolusCore\World\Component.h">
      <Filter>Source Files\World</Filter>
    </ClInclude>
    <ClInclude Include="EucolusCore\World\Entity.h">
      <Filter>Source Files\World</Filter>
    </ClInclude>
    <ClInclude Include="EucolusCore\World\GameObject.h">
      <Filter>Source Files\World</Filter>
    </ClInclude>
    <ClInclude Include="EucolusCore\World\Tilemap.h">
      <Filter>Source Files\World</Filter>
    </ClInclude>
    <ClInclude Include="EucolusCore\World\World.h">
      <Filter>Source Files\World</Filter>
    </ClInclude>
    <ClInclude Include="EucolusCore\Utility\FileSystem.h">
      <Filter>Source Files\Utility</Filter>
    </ClInclude>
    <ClInclude Include="EucolusCore\Renderer\Renderer.h">
      <Filter>Source Files\Renderer</Filter>
    </ClInclude>
    <ClInclude Include="EucolusCore\Renderer\Texture.h">
      <Filter>Source Files\Renderer</Filter>
    </ClInclude>
    <ClInclude Include="EucolusCore\Network\Network.h">
      <Filter>Source Files\Network</Filter>
    </ClInclude>
    <ClInclude Include="EucolusCore\GUI\GUI.h">
      <Filter>Source Files\GUI</Filter>
    </ClInclude>
    <ClInclude Include="EucolusCore\GUI\GUIElement.h">
      <Filter>Source Files\GUI</Filter>
    </ClInclude>
    <ClInclude Include="EucolusCore\Audio\Audio.h">
      <Filter>Source Files\Audio</Filter>
    </ClInclude>
    <ClInclude Include="EucolusCore\Utility\Vector2.h">
      <Filter>Source Files\Utility</Filter>
    </ClInclude>
    <ClInclude Include="EucolusCore\Utility\Utility.h">
      <Filter>Source Files\Utility</Filter>
    </ClInclude>
    <ClInclude Include="EucolusCore\Lua\EucolusLua.h">
      <Filter>Source Files\Lua</Filter>
    </ClInclude>
    <ClInclude Include="EucolusCore\Utility\Console.h">
      <Filter>Source Files\Utility</Filter>
    </ClInclude>
    <ClInclude Include="EucolusCore\GUI\GUIButton.h">
      <Filter>Source Files\GUI</Filter>
    </ClInclude>
    <ClInclude Include="EucolusCore\GUI\GUIPanel.h">
      <Filter>Source Files\GUI</Filter>
    </ClInclude>
    <ClInclude Include="EucolusCore\GUI\GUILabel.h">
      <Filter>Source Files\GUI</Filter>
    </ClInclude>
    <ClInclude Include="EucolusCore\Utility\Color.h">
      <Filter>Source Files\Utility</Filter>
    </ClInclude>
    <ClInclude Include="EucolusCore\Renderer\Shader.h">
      <Filter>Source Files\Renderer</Filter>
    </ClInclude>
    <ClInclude Include="EucolusCore\Renderer\Shape.h">
      <Filter>Source Files\Renderer</Filter>
    </ClInclude>
    <ClInclude Include="EucolusCore\Utility\Vector3.h">
      <Filter>Source Files\Utility</Filter>
    </ClInclude>
    <ClInclude Include="EucolusCore\Utility\Vertex.h">
      <Filter>Source Files\Utility</Filter>
    </ClInclude>
    <ClInclude Include="EucolusCore\Renderer\Renderable.h">
      <Filter>Source Files\Renderer</Filter>
    </ClInclude>
  </ItemGroup>
</Project>